
Microsoft Visual Studio Solution File, Format Version 12.00
# Visual Studio Version 17
VisualStudioVersion = 17.5.002.0
MinimumVisualStudioVersion = 10.0.40219.1
Project("{9A19103F-16F7-4668-BE54-9A1E7A4F7556}") = "DIGESETTApp", "DIGESETTApp.csproj", "{96C0BFC1-B1BF-4565-AFD9-9B24D4AEDA40}"
EndProject
Global
	GlobalSection(SolutionConfigurationPlatforms) = preSolution
		Debug|Any CPU = Debug|Any CPU
		Release|Any CPU = Release|Any CPU
	EndGlobalSection
	GlobalSection(ProjectConfigurationPlatforms) = postSolution
		{96C0BFC1-B1BF-4565-AFD9-9B24D4AEDA40}.Debug|Any CPU.ActiveCfg = Debug|Any CPU
		{96C0BFC1-B1BF-4565-AFD9-9B24D4AEDA40}.Debug|Any CPU.Build.0 = Debug|Any CPU
		{96C0BFC1-B1BF-4565-AFD9-9B24D4AEDA40}.Release|Any CPU.ActiveCfg = Release|Any CPU
		{96C0BFC1-B1BF-4565-AFD9-9B24D4AEDA40}.Release|Any CPU.Build.0 = Release|Any CPU
	EndGlobalSection
	GlobalSection(SolutionProperties) = preSolution
		HideSolutionNode = FALSE
	EndGlobalSection
	GlobalSection(ExtensibilityGlobals) = postSolution
		SolutionGuid = {C84B932D-FB03-4A5C-A89A-739BF4194A4D}
	EndGlobalSection
EndGlobal
